{
  "originHash" : "f1ef04a3504551d21a5614e9cfb00969bfdbfc13b5226a0ae43edb41fc5a9123",
  "pins" : [
    {
      "identity" : "swift-secp256k1",
      "kind" : "remoteSourceControl",
      "location" : "https://github.com/zeugmaster/swift-secp256k1.git",
      "state" : {
        "branch" : "main",
        "revision" : "73cf2403b7a69de8efc612d251a6e0d01211e1c4"
      }
    }
  ],
  "version" : 3
}
