{
  "originHash" : "5adcd976960735f0905b09359f6fe791e17420bb95eeea94440ae60cb5cc6893",
  "pins" : [
    {
      "identity" : "swift-secp256k1",
      "kind" : "remoteSourceControl",
      "location" : "https://github.com/21-DOT-DEV/swift-secp256k1.git",
      "state" : {
        "revision" : "e2f4de7caec61e971081d44e73ea6ef20359743b",
        "version" : "0.19.0"
      }
    }
  ],
  "version" : 3
}
