{
  "originHash" : "d423d56d36383195f75b520c0aa2463f50e6a092e1c4e3571427bb3150015d1c",
  "pins" : [
    {
      "identity" : "bech32swift",
      "kind" : "remoteSourceControl",
      "location" : "https://github.com/zeugmaster/Bech32Swift.git",
      "state" : {
        "revision" : "72ff0e36f88290396190bd3067800e44e851a2a4",
        "version" : "1.0.0"
      }
    },
    {
      "identity" : "swift-secp256k1",
      "kind" : "remoteSourceControl",
      "location" : "https://github.com/21-DOT-DEV/swift-secp256k1.git",
      "state" : {
        "revision" : "e2f4de7caec61e971081d44e73ea6ef20359743b",
        "version" : "0.19.0"
      }
    }
  ],
  "version" : 3
}
